
Microsoft Visual Studio Solution File, Format Version 12.00
# Visual Studio Version 16
VisualStudioVersion = 16.0.29613.14
MinimumVisualStudioVersion = 10.0.40219.1
Project("{FAE04EC0-301F-11D3-BF4B-00C04F79EFBC}") = "CSHomeWork2", "CSHomeWork2\CSHomeWork2.csproj", "{AC2F056F-9429-445B-80A2-64854A10C153}"
EndProject
Global
	GlobalSection(SolutionConfigurationPlatforms) = preSolution
		Debug|Any CPU = Debug|Any CPU
		Release|Any CPU = Release|Any CPU
	EndGlobalSection
	GlobalSection(ProjectConfigurationPlatforms) = postSolution
		{AC2F056F-9429-445B-80A2-64854A10C153}.Debug|Any CPU.ActiveCfg = Debug|Any CPU
		{AC2F056F-9429-445B-80A2-64854A10C153}.Debug|Any CPU.Build.0 = Debug|Any CPU
		{AC2F056F-9429-445B-80A2-64854A10C153}.Release|Any CPU.ActiveCfg = Release|Any CPU
		{AC2F056F-9429-445B-80A2-64854A10C153}.Release|Any CPU.Build.0 = Release|Any CPU
	EndGlobalSection
	GlobalSection(SolutionProperties) = preSolution
		HideSolutionNode = FALSE
	EndGlobalSection
	GlobalSection(ExtensibilityGlobals) = postSolution
		SolutionGuid = {870C3D33-D504-4FB9-A7DC-40DCE419C6B0}
	EndGlobalSection
EndGlobal
